
Microsoft Visual Studio Solution File, Format Version 12.00
# Visual Studio Version 17
VisualStudioVersion = 17.6.33829.357
MinimumVisualStudioVersion = 10.0.40219.1
Project("{9A19103F-16F7-4668-BE54-9A1E7A4F7556}") = "AiChef.Server", "Server\AiChef.Server.csproj", "{72439A81-30E4-4732-86B9-485FDB7E4A1C}"
EndProject
Project("{9A19103F-16F7-4668-BE54-9A1E7A4F7556}") = "AiChef.Client", "Client\AiChef.Client.csproj", "{2D09E76D-323F-433A-B6F4-E1F31C203AA3}"
EndProject
Project("{9A19103F-16F7-4668-BE54-9A1E7A4F7556}") = "AiChef.Shared", "Shared\AiChef.Shared.csproj", "{1402A9E0-1858-4733-83B3-466ACFB7ADBB}"
EndProject
Global
	GlobalSection(SolutionConfigurationPlatforms) = preSolution
		Debug|Any CPU = Debug|Any CPU
		Release|Any CPU = Release|Any CPU
	EndGlobalSection
	GlobalSection(ProjectConfigurationPlatforms) = postSolution
		{72439A81-30E4-4732-86B9-485FDB7E4A1C}.Debug|Any CPU.ActiveCfg = Debug|Any CPU
		{72439A81-30E4-4732-86B9-485FDB7E4A1C}.Debug|Any CPU.Build.0 = Debug|Any CPU
		{72439A81-30E4-4732-86B9-485FDB7E4A1C}.Release|Any CPU.ActiveCfg = Release|Any CPU
		{72439A81-30E4-4732-86B9-485FDB7E4A1C}.Release|Any CPU.Build.0 = Release|Any CPU
		{2D09E76D-323F-433A-B6F4-E1F31C203AA3}.Debug|Any CPU.ActiveCfg = Debug|Any CPU
		{2D09E76D-323F-433A-B6F4-E1F31C203AA3}.Debug|Any CPU.Build.0 = Debug|Any CPU
		{2D09E76D-323F-433A-B6F4-E1F31C203AA3}.Release|Any CPU.ActiveCfg = Release|Any CPU
		{2D09E76D-323F-433A-B6F4-E1F31C203AA3}.Release|Any CPU.Build.0 = Release|Any CPU
		{1402A9E0-1858-4733-83B3-466ACFB7ADBB}.Debug|Any CPU.ActiveCfg = Debug|Any CPU
		{1402A9E0-1858-4733-83B3-466ACFB7ADBB}.Debug|Any CPU.Build.0 = Debug|Any CPU
		{1402A9E0-1858-4733-83B3-466ACFB7ADBB}.Release|Any CPU.ActiveCfg = Release|Any CPU
		{1402A9E0-1858-4733-83B3-466ACFB7ADBB}.Release|Any CPU.Build.0 = Release|Any CPU
	EndGlobalSection
	GlobalSection(SolutionProperties) = preSolution
		HideSolutionNode = FALSE
	EndGlobalSection
	GlobalSection(ExtensibilityGlobals) = postSolution
		SolutionGuid = {B62B022A-A7AD-4D86-8E63-3BF7F07FFD57}
	EndGlobalSection
EndGlobal
